
Microsoft Visual Studio Solution File, Format Version 12.00
# Visual Studio 14
VisualStudioVersion = 14.0.25420.1
MinimumVisualStudioVersion = 10.0.40219.1
Project("{FAE04EC0-301F-11D3-BF4B-00C04F79EFBC}") = "UsingADO.NET", "UsingADO.NET_\UsingADO.NET.csproj", "{60A88284-B850-4FBF-B19E-947DB0842AC1}"
EndProject
Project("{FAE04EC0-301F-11D3-BF4B-00C04F79EFBC}") = "EntityFrameworkDBFirst", "EntityFrameworkDBFirst\EntityFrameworkDBFirst.csproj", "{8CD1184C-BD3D-4423-B0EC-CA2C3C34874C}"
EndProject
Global
	GlobalSection(SolutionConfigurationPlatforms) = preSolution
		Debug|Any CPU = Debug|Any CPU
		Release|Any CPU = Release|Any CPU
	EndGlobalSection
	GlobalSection(ProjectConfigurationPlatforms) = postSolution
		{60A88284-B850-4FBF-B19E-947DB0842AC1}.Debug|Any CPU.ActiveCfg = Debug|Any CPU
		{60A88284-B850-4FBF-B19E-947DB0842AC1}.Debug|Any CPU.Build.0 = Debug|Any CPU
		{60A88284-B850-4FBF-B19E-947DB0842AC1}.Release|Any CPU.ActiveCfg = Release|Any CPU
		{60A88284-B850-4FBF-B19E-947DB0842AC1}.Release|Any CPU.Build.0 = Release|Any CPU
		{8CD1184C-BD3D-4423-B0EC-CA2C3C34874C}.Debug|Any CPU.ActiveCfg = Debug|Any CPU
		{8CD1184C-BD3D-4423-B0EC-CA2C3C34874C}.Debug|Any CPU.Build.0 = Debug|Any CPU
		{8CD1184C-BD3D-4423-B0EC-CA2C3C34874C}.Release|Any CPU.ActiveCfg = Release|Any CPU
		{8CD1184C-BD3D-4423-B0EC-CA2C3C34874C}.Release|Any CPU.Build.0 = Release|Any CPU
	EndGlobalSection
	GlobalSection(SolutionProperties) = preSolution
		HideSolutionNode = FALSE
	EndGlobalSection
EndGlobal
